
Microsoft Visual Studio Solution File, Format Version 12.00
# Visual Studio Version 16
VisualStudioVersion = 16.0.29503.13
MinimumVisualStudioVersion = 10.0.40219.1
Project("{FAE04EC0-301F-11D3-BF4B-00C04F79EFBC}") = "CopyImages", "CopyImages\CopyImages.csproj", "{15D826CA-34EA-4D4D-BFB6-6AE830E438F0}"
EndProject
Global
	GlobalSection(SolutionConfigurationPlatforms) = preSolution
		Debug|Any CPU = Debug|Any CPU
		Release|Any CPU = Release|Any CPU
	EndGlobalSection
	GlobalSection(ProjectConfigurationPlatforms) = postSolution
		{15D826CA-34EA-4D4D-BFB6-6AE830E438F0}.Debug|Any CPU.ActiveCfg = Debug|Any CPU
		{15D826CA-34EA-4D4D-BFB6-6AE830E438F0}.Debug|Any CPU.Build.0 = Debug|Any CPU
		{15D826CA-34EA-4D4D-BFB6-6AE830E438F0}.Release|Any CPU.ActiveCfg = Release|Any CPU
		{15D826CA-34EA-4D4D-BFB6-6AE830E438F0}.Release|Any CPU.Build.0 = Release|Any CPU
	EndGlobalSection
	GlobalSection(SolutionProperties) = preSolution
		HideSolutionNode = FALSE
	EndGlobalSection
	GlobalSection(ExtensibilityGlobals) = postSolution
		SolutionGuid = {3B824083-39BD-4954-B95E-9D528D0F4E67}
	EndGlobalSection
EndGlobal
